
Microsoft Visual Studio Solution File, Format Version 12.00
# Visual Studio Version 17
VisualStudioVersion = 17.11.35327.3
MinimumVisualStudioVersion = 10.0.40219.1
Project("{FAE04EC0-301F-11D3-BF4B-00C04F79EFBC}") = "HomeWork_Basic_11_L035", "HomeWork_Basic_11_L035.csproj", "{D43D1878-107B-4ACC-AE67-B2BBF72D1BC6}"
EndProject
Global
	GlobalSection(SolutionConfigurationPlatforms) = preSolution
		Debug|Any CPU = Debug|Any CPU
		Release|Any CPU = Release|Any CPU
	EndGlobalSection
	GlobalSection(ProjectConfigurationPlatforms) = postSolution
		{D43D1878-107B-4ACC-AE67-B2BBF72D1BC6}.Debug|Any CPU.ActiveCfg = Debug|Any CPU
		{D43D1878-107B-4ACC-AE67-B2BBF72D1BC6}.Debug|Any CPU.Build.0 = Debug|Any CPU
		{D43D1878-107B-4ACC-AE67-B2BBF72D1BC6}.Release|Any CPU.ActiveCfg = Release|Any CPU
		{D43D1878-107B-4ACC-AE67-B2BBF72D1BC6}.Release|Any CPU.Build.0 = Release|Any CPU
	EndGlobalSection
	GlobalSection(SolutionProperties) = preSolution
		HideSolutionNode = FALSE
	EndGlobalSection
	GlobalSection(ExtensibilityGlobals) = postSolution
		SolutionGuid = {09C9066D-A450-491A-956F-8DA0E05AB976}
	EndGlobalSection
EndGlobal
